
Microsoft Visual Studio Solution File, Format Version 12.00
# Visual Studio 2012
Project("{FAE04EC0-301F-11D3-BF4B-00C04F79EFBC}") = "Proba", "Proba\Proba.csproj", "{FB1E5589-8984-4526-9129-20F18EB25D7F}"
EndProject
Project("{FAE04EC0-301F-11D3-BF4B-00C04F79EFBC}") = "Proba.iOS", "iOS\Proba.iOS.csproj", "{787C0E90-E899-4996-84F8-F8C2260255ED}"
EndProject
Project("{FAE04EC0-301F-11D3-BF4B-00C04F79EFBC}") = "Proba.Droid", "Droid\Proba.Droid.csproj", "{185BF8F9-720F-4B29-87D9-B7BF514B406A}"
EndProject
Global
	GlobalSection(SolutionConfigurationPlatforms) = preSolution
		Debug|Any CPU = Debug|Any CPU
		Release|Any CPU = Release|Any CPU
		Debug|iPhoneSimulator = Debug|iPhoneSimulator
		Release|iPhone = Release|iPhone
		Release|iPhoneSimulator = Release|iPhoneSimulator
		Debug|iPhone = Debug|iPhone
	EndGlobalSection
	GlobalSection(ProjectConfigurationPlatforms) = postSolution
		{FB1E5589-8984-4526-9129-20F18EB25D7F}.Debug|Any CPU.ActiveCfg = Debug|Any CPU
		{FB1E5589-8984-4526-9129-20F18EB25D7F}.Debug|Any CPU.Build.0 = Debug|Any CPU
		{FB1E5589-8984-4526-9129-20F18EB25D7F}.Release|Any CPU.ActiveCfg = Release|Any CPU
		{FB1E5589-8984-4526-9129-20F18EB25D7F}.Release|Any CPU.Build.0 = Release|Any CPU
		{FB1E5589-8984-4526-9129-20F18EB25D7F}.Debug|iPhoneSimulator.ActiveCfg = Debug|Any CPU
		{FB1E5589-8984-4526-9129-20F18EB25D7F}.Debug|iPhoneSimulator.Build.0 = Debug|Any CPU
		{FB1E5589-8984-4526-9129-20F18EB25D7F}.Release|iPhone.ActiveCfg = Release|Any CPU
		{FB1E5589-8984-4526-9129-20F18EB25D7F}.Release|iPhone.Build.0 = Release|Any CPU
		{FB1E5589-8984-4526-9129-20F18EB25D7F}.Release|iPhoneSimulator.ActiveCfg = Release|Any CPU
		{FB1E5589-8984-4526-9129-20F18EB25D7F}.Release|iPhoneSimulator.Build.0 = Release|Any CPU
		{FB1E5589-8984-4526-9129-20F18EB25D7F}.Debug|iPhone.ActiveCfg = Debug|Any CPU
		{FB1E5589-8984-4526-9129-20F18EB25D7F}.Debug|iPhone.Build.0 = Debug|Any CPU
		{787C0E90-E899-4996-84F8-F8C2260255ED}.Debug|Any CPU.ActiveCfg = Debug|iPhoneSimulator
		{787C0E90-E899-4996-84F8-F8C2260255ED}.Debug|Any CPU.Build.0 = Debug|iPhoneSimulator
		{787C0E90-E899-4996-84F8-F8C2260255ED}.Release|Any CPU.ActiveCfg = Release|iPhone
		{787C0E90-E899-4996-84F8-F8C2260255ED}.Release|Any CPU.Build.0 = Release|iPhone
		{787C0E90-E899-4996-84F8-F8C2260255ED}.Debug|iPhoneSimulator.ActiveCfg = Debug|iPhoneSimulator
		{787C0E90-E899-4996-84F8-F8C2260255ED}.Debug|iPhoneSimulator.Build.0 = Debug|iPhoneSimulator
		{787C0E90-E899-4996-84F8-F8C2260255ED}.Release|iPhone.ActiveCfg = Release|iPhone
		{787C0E90-E899-4996-84F8-F8C2260255ED}.Release|iPhone.Build.0 = Release|iPhone
		{787C0E90-E899-4996-84F8-F8C2260255ED}.Release|iPhoneSimulator.ActiveCfg = Release|iPhoneSimulator
		{787C0E90-E899-4996-84F8-F8C2260255ED}.Release|iPhoneSimulator.Build.0 = Release|iPhoneSimulator
		{787C0E90-E899-4996-84F8-F8C2260255ED}.Debug|iPhone.ActiveCfg = Debug|iPhone
		{787C0E90-E899-4996-84F8-F8C2260255ED}.Debug|iPhone.Build.0 = Debug|iPhone
		{185BF8F9-720F-4B29-87D9-B7BF514B406A}.Debug|Any CPU.ActiveCfg = Debug|Any CPU
		{185BF8F9-720F-4B29-87D9-B7BF514B406A}.Debug|Any CPU.Build.0 = Debug|Any CPU
		{185BF8F9-720F-4B29-87D9-B7BF514B406A}.Release|Any CPU.ActiveCfg = Release|Any CPU
		{185BF8F9-720F-4B29-87D9-B7BF514B406A}.Release|Any CPU.Build.0 = Release|Any CPU
		{185BF8F9-720F-4B29-87D9-B7BF514B406A}.Debug|iPhoneSimulator.ActiveCfg = Debug|Any CPU
		{185BF8F9-720F-4B29-87D9-B7BF514B406A}.Debug|iPhoneSimulator.Build.0 = Debug|Any CPU
		{185BF8F9-720F-4B29-87D9-B7BF514B406A}.Release|iPhone.ActiveCfg = Release|Any CPU
		{185BF8F9-720F-4B29-87D9-B7BF514B406A}.Release|iPhone.Build.0 = Release|Any CPU
		{185BF8F9-720F-4B29-87D9-B7BF514B406A}.Release|iPhoneSimulator.ActiveCfg = Release|Any CPU
		{185BF8F9-720F-4B29-87D9-B7BF514B406A}.Release|iPhoneSimulator.Build.0 = Release|Any CPU
		{185BF8F9-720F-4B29-87D9-B7BF514B406A}.Debug|iPhone.ActiveCfg = Debug|Any CPU
		{185BF8F9-720F-4B29-87D9-B7BF514B406A}.Debug|iPhone.Build.0 = Debug|Any CPU
	EndGlobalSection
EndGlobal
