
Microsoft Visual Studio Solution File, Format Version 12.00
# Visual Studio 2012
Project("{FAE04EC0-301F-11D3-BF4B-00C04F79EFBC}") = "Prime_Sieve_Bool", "Prime_Sieve_Bool\Prime_Sieve_Bool.csproj", "{D623C7D8-DF62-4C10-9C78-9D96F074D972}"
EndProject
Global
	GlobalSection(SolutionConfigurationPlatforms) = preSolution
		Debug|x86 = Debug|x86
		Release|x86 = Release|x86
	EndGlobalSection
	GlobalSection(ProjectConfigurationPlatforms) = postSolution
		{D623C7D8-DF62-4C10-9C78-9D96F074D972}.Debug|x86.ActiveCfg = Debug|x86
		{D623C7D8-DF62-4C10-9C78-9D96F074D972}.Debug|x86.Build.0 = Debug|x86
		{D623C7D8-DF62-4C10-9C78-9D96F074D972}.Release|x86.ActiveCfg = Release|x86
		{D623C7D8-DF62-4C10-9C78-9D96F074D972}.Release|x86.Build.0 = Release|x86
	EndGlobalSection
EndGlobal
