
Microsoft Visual Studio Solution File, Format Version 12.00
# Visual Studio 2012
Project("{FAE04EC0-301F-11D3-BF4B-00C04F79EFBC}") = "haide", "haide\haide.csproj", "{0A7D1B50-AD0E-4D84-A981-ACD11D1F3981}"
EndProject
Global
	GlobalSection(SolutionConfigurationPlatforms) = preSolution
		Debug|x86 = Debug|x86
		Release|x86 = Release|x86
	EndGlobalSection
	GlobalSection(ProjectConfigurationPlatforms) = postSolution
		{0A7D1B50-AD0E-4D84-A981-ACD11D1F3981}.Debug|x86.ActiveCfg = Debug|x86
		{0A7D1B50-AD0E-4D84-A981-ACD11D1F3981}.Debug|x86.Build.0 = Debug|x86
		{0A7D1B50-AD0E-4D84-A981-ACD11D1F3981}.Release|x86.ActiveCfg = Release|x86
		{0A7D1B50-AD0E-4D84-A981-ACD11D1F3981}.Release|x86.Build.0 = Release|x86
	EndGlobalSection
EndGlobal
