
Microsoft Visual Studio Solution File, Format Version 12.00
# Visual Studio 2012
Project("{FAE04EC0-301F-11D3-BF4B-00C04F79EFBC}") = "Max_Count_Gabi1", "Max_Count_Gabi1\Max_Count_Gabi1.csproj", "{C79385D2-4E38-4AD4-B183-211E2E35FACE}"
EndProject
Global
	GlobalSection(SolutionConfigurationPlatforms) = preSolution
		Debug|x86 = Debug|x86
		Release|x86 = Release|x86
	EndGlobalSection
	GlobalSection(ProjectConfigurationPlatforms) = postSolution
		{C79385D2-4E38-4AD4-B183-211E2E35FACE}.Debug|x86.ActiveCfg = Debug|x86
		{C79385D2-4E38-4AD4-B183-211E2E35FACE}.Debug|x86.Build.0 = Debug|x86
		{C79385D2-4E38-4AD4-B183-211E2E35FACE}.Release|x86.ActiveCfg = Release|x86
		{C79385D2-4E38-4AD4-B183-211E2E35FACE}.Release|x86.Build.0 = Release|x86
	EndGlobalSection
EndGlobal
