
Microsoft Visual Studio Solution File, Format Version 12.00
# Visual Studio 2012
Project("{FAE04EC0-301F-11D3-BF4B-00C04F79EFBC}") = "Square_Numbers", "Square_Numbers\Square_Numbers.csproj", "{74D37178-1834-4042-A795-372B46684DD4}"
EndProject
Global
	GlobalSection(SolutionConfigurationPlatforms) = preSolution
		Debug|x86 = Debug|x86
		Release|x86 = Release|x86
	EndGlobalSection
	GlobalSection(ProjectConfigurationPlatforms) = postSolution
		{74D37178-1834-4042-A795-372B46684DD4}.Debug|x86.ActiveCfg = Debug|x86
		{74D37178-1834-4042-A795-372B46684DD4}.Debug|x86.Build.0 = Debug|x86
		{74D37178-1834-4042-A795-372B46684DD4}.Release|x86.ActiveCfg = Release|x86
		{74D37178-1834-4042-A795-372B46684DD4}.Release|x86.Build.0 = Release|x86
	EndGlobalSection
EndGlobal
