
Microsoft Visual Studio Solution File, Format Version 12.00
# Visual Studio 2012
Project("{FAE04EC0-301F-11D3-BF4B-00C04F79EFBC}") = "letters-in-txt", "letters-in-txt\letters-in-txt.csproj", "{2EDEB1AF-ECAC-4C58-93E1-8BB8CDA2106C}"
EndProject
Global
	GlobalSection(SolutionConfigurationPlatforms) = preSolution
		Debug|x86 = Debug|x86
		Release|x86 = Release|x86
	EndGlobalSection
	GlobalSection(ProjectConfigurationPlatforms) = postSolution
		{2EDEB1AF-ECAC-4C58-93E1-8BB8CDA2106C}.Debug|x86.ActiveCfg = Debug|x86
		{2EDEB1AF-ECAC-4C58-93E1-8BB8CDA2106C}.Debug|x86.Build.0 = Debug|x86
		{2EDEB1AF-ECAC-4C58-93E1-8BB8CDA2106C}.Release|x86.ActiveCfg = Release|x86
		{2EDEB1AF-ECAC-4C58-93E1-8BB8CDA2106C}.Release|x86.Build.0 = Release|x86
	EndGlobalSection
EndGlobal
